
Microsoft Visual Studio Solution File, Format Version 12.00
# Visual Studio Version 17
VisualStudioVersion = 17.0.31912.275
MinimumVisualStudioVersion = 10.0.40219.1
Project("{9A19103F-16F7-4668-BE54-9A1E7A4F7556}") = "CRM.Flexie.Fiskalizimi", "CRM.Flexie.Fiskalizimi.csproj", "{B4987FA3-7A95-4835-BA6D-5983A6DA4755}"
EndProject
Project("{9A19103F-16F7-4668-BE54-9A1E7A4F7556}") = "ConsoleApp1", "..\ConsoleApp1\ConsoleApp1.csproj", "{4312AF62-82C4-4084-AFC4-5F99D50425AD}"
EndProject
Project("{2150E333-8FDC-42A3-9474-1A3956D46DE8}") = "Solution Items", "Solution Items", "{61821BC4-C89E-4A75-8F50-1E5DDF2A22DF}"
	ProjectSection(SolutionItems) = preProject
		.editorconfig = .editorconfig
	EndProjectSection
EndProject
Global
	GlobalSection(SolutionConfigurationPlatforms) = preSolution
		Debug|Any CPU = Debug|Any CPU
		Release|Any CPU = Release|Any CPU
	EndGlobalSection
	GlobalSection(ProjectConfigurationPlatforms) = postSolution
		{B4987FA3-7A95-4835-BA6D-5983A6DA4755}.Debug|Any CPU.ActiveCfg = Debug|Any CPU
		{B4987FA3-7A95-4835-BA6D-5983A6DA4755}.Debug|Any CPU.Build.0 = Debug|Any CPU
		{B4987FA3-7A95-4835-BA6D-5983A6DA4755}.Release|Any CPU.ActiveCfg = Release|Any CPU
		{B4987FA3-7A95-4835-BA6D-5983A6DA4755}.Release|Any CPU.Build.0 = Release|Any CPU
		{4312AF62-82C4-4084-AFC4-5F99D50425AD}.Debug|Any CPU.ActiveCfg = Debug|Any CPU
		{4312AF62-82C4-4084-AFC4-5F99D50425AD}.Debug|Any CPU.Build.0 = Debug|Any CPU
		{4312AF62-82C4-4084-AFC4-5F99D50425AD}.Release|Any CPU.ActiveCfg = Release|Any CPU
		{4312AF62-82C4-4084-AFC4-5F99D50425AD}.Release|Any CPU.Build.0 = Release|Any CPU
	EndGlobalSection
	GlobalSection(SolutionProperties) = preSolution
		HideSolutionNode = FALSE
	EndGlobalSection
	GlobalSection(ExtensibilityGlobals) = postSolution
		SolutionGuid = {2496C3B9-3391-4AAE-8FF4-1B9690C87D55}
	EndGlobalSection
EndGlobal
